
Microsoft Visual Studio Solution File, Format Version 12.00
# Visual Studio 2015
Project("{FAE04EC0-301F-11D3-BF4B-00C04F79EFBC}") = "m2.CSharp", "m2.CSharp.csproj", "{7EC0CD34-8C8E-C60D-5F6F-292D23E9EBCF}"
EndProject
Global
	GlobalSection(SolutionConfigurationPlatforms) = preSolution
		Debug|Any CPU = Debug|Any CPU
		Release|Any CPU = Release|Any CPU
	EndGlobalSection
	GlobalSection(ProjectConfigurationPlatforms) = postSolution
		{7EC0CD34-8C8E-C60D-5F6F-292D23E9EBCF}.Debug|Any CPU.ActiveCfg = Debug|Any CPU
		{7EC0CD34-8C8E-C60D-5F6F-292D23E9EBCF}.Debug|Any CPU.Build.0 = Debug|Any CPU
		{7EC0CD34-8C8E-C60D-5F6F-292D23E9EBCF}.Release|Any CPU.ActiveCfg = Release|Any CPU
		{7EC0CD34-8C8E-C60D-5F6F-292D23E9EBCF}.Release|Any CPU.Build.0 = Release|Any CPU
	EndGlobalSection
	GlobalSection(SolutionProperties) = preSolution
		HideSolutionNode = FALSE
	EndGlobalSection
EndGlobal
