
Microsoft Visual Studio Solution File, Format Version 12.00
# Visual Studio 2015
Project("{FAE04EC0-301F-11D3-BF4B-00C04F79EFBC}") = "slagUnity", "slagUnity.csproj", "{0BC40F3B-0E5B-EA79-8541-8CEAA4CB9F60}"
EndProject
Project("{FAE04EC0-301F-11D3-BF4B-00C04F79EFBC}") = "slagUnity.Editor", "slagUnity.Editor.csproj", "{646576F7-B1AE-0362-5534-6CDDF141C607}"
EndProject
Global
	GlobalSection(SolutionConfigurationPlatforms) = preSolution
		Debug|Any CPU = Debug|Any CPU
		Release|Any CPU = Release|Any CPU
	EndGlobalSection
	GlobalSection(ProjectConfigurationPlatforms) = postSolution
		{0BC40F3B-0E5B-EA79-8541-8CEAA4CB9F60}.Debug|Any CPU.ActiveCfg = Debug|Any CPU
		{0BC40F3B-0E5B-EA79-8541-8CEAA4CB9F60}.Debug|Any CPU.Build.0 = Debug|Any CPU
		{0BC40F3B-0E5B-EA79-8541-8CEAA4CB9F60}.Release|Any CPU.ActiveCfg = Release|Any CPU
		{0BC40F3B-0E5B-EA79-8541-8CEAA4CB9F60}.Release|Any CPU.Build.0 = Release|Any CPU
		{646576F7-B1AE-0362-5534-6CDDF141C607}.Debug|Any CPU.ActiveCfg = Debug|Any CPU
		{646576F7-B1AE-0362-5534-6CDDF141C607}.Debug|Any CPU.Build.0 = Debug|Any CPU
		{646576F7-B1AE-0362-5534-6CDDF141C607}.Release|Any CPU.ActiveCfg = Release|Any CPU
		{646576F7-B1AE-0362-5534-6CDDF141C607}.Release|Any CPU.Build.0 = Release|Any CPU
	EndGlobalSection
	GlobalSection(SolutionProperties) = preSolution
		HideSolutionNode = FALSE
	EndGlobalSection
EndGlobal
