
Microsoft Visual Studio Solution File, Format Version 12.00
# Visual Studio 14
VisualStudioVersion = 14.0.25420.1
MinimumVisualStudioVersion = 10.0.40219.1
Project("{FAE04EC0-301F-11D3-BF4B-00C04F79EFBC}") = "FilePipe", "FilePipe\FilePipe.csproj", "{7D555D1A-D5CA-48E9-86D3-87C508F5A65F}"
EndProject
Project("{FAE04EC0-301F-11D3-BF4B-00C04F79EFBC}") = "FilePipeMonitor", "FilePipeMonitor\FilePipeMonitor.csproj", "{5398F17B-D489-4600-9BE5-3288E6B5DF26}"
EndProject
Global
	GlobalSection(SolutionConfigurationPlatforms) = preSolution
		Debug|Any CPU = Debug|Any CPU
		Release|Any CPU = Release|Any CPU
	EndGlobalSection
	GlobalSection(ProjectConfigurationPlatforms) = postSolution
		{7D555D1A-D5CA-48E9-86D3-87C508F5A65F}.Debug|Any CPU.ActiveCfg = Debug|Any CPU
		{7D555D1A-D5CA-48E9-86D3-87C508F5A65F}.Debug|Any CPU.Build.0 = Debug|Any CPU
		{7D555D1A-D5CA-48E9-86D3-87C508F5A65F}.Release|Any CPU.ActiveCfg = Release|Any CPU
		{7D555D1A-D5CA-48E9-86D3-87C508F5A65F}.Release|Any CPU.Build.0 = Release|Any CPU
		{5398F17B-D489-4600-9BE5-3288E6B5DF26}.Debug|Any CPU.ActiveCfg = Debug|Any CPU
		{5398F17B-D489-4600-9BE5-3288E6B5DF26}.Debug|Any CPU.Build.0 = Debug|Any CPU
		{5398F17B-D489-4600-9BE5-3288E6B5DF26}.Release|Any CPU.ActiveCfg = Release|Any CPU
		{5398F17B-D489-4600-9BE5-3288E6B5DF26}.Release|Any CPU.Build.0 = Release|Any CPU
	EndGlobalSection
	GlobalSection(SolutionProperties) = preSolution
		HideSolutionNode = FALSE
	EndGlobalSection
EndGlobal
