
Microsoft Visual Studio Solution File, Format Version 12.00
# Visual Studio 2015
Project("{FAE04EC0-301F-11D3-BF4B-00C04F79EFBC}") = "m5", "m5.csproj", "{3DB8A427-26AE-1291-9606-6AE206DBCF10}"
EndProject
Project("{FAE04EC0-301F-11D3-BF4B-00C04F79EFBC}") = "m5.Editor", "m5.Editor.csproj", "{5A8E69C4-B1DC-3048-0734-6AAD3BF35C58}"
EndProject
Global
	GlobalSection(SolutionConfigurationPlatforms) = preSolution
		Debug|Any CPU = Debug|Any CPU
		Release|Any CPU = Release|Any CPU
	EndGlobalSection
	GlobalSection(ProjectConfigurationPlatforms) = postSolution
		{3DB8A427-26AE-1291-9606-6AE206DBCF10}.Debug|Any CPU.ActiveCfg = Debug|Any CPU
		{3DB8A427-26AE-1291-9606-6AE206DBCF10}.Debug|Any CPU.Build.0 = Debug|Any CPU
		{3DB8A427-26AE-1291-9606-6AE206DBCF10}.Release|Any CPU.ActiveCfg = Release|Any CPU
		{3DB8A427-26AE-1291-9606-6AE206DBCF10}.Release|Any CPU.Build.0 = Release|Any CPU
		{5A8E69C4-B1DC-3048-0734-6AAD3BF35C58}.Debug|Any CPU.ActiveCfg = Debug|Any CPU
		{5A8E69C4-B1DC-3048-0734-6AAD3BF35C58}.Debug|Any CPU.Build.0 = Debug|Any CPU
		{5A8E69C4-B1DC-3048-0734-6AAD3BF35C58}.Release|Any CPU.ActiveCfg = Release|Any CPU
		{5A8E69C4-B1DC-3048-0734-6AAD3BF35C58}.Release|Any CPU.Build.0 = Release|Any CPU
	EndGlobalSection
	GlobalSection(SolutionProperties) = preSolution
		HideSolutionNode = FALSE
	EndGlobalSection
EndGlobal
